
Microsoft Visual Studio Solution File, Format Version 12.00
# Visual Studio Version 16
VisualStudioVersion = 16.0.31729.503
MinimumVisualStudioVersion = 10.0.40219.1
Project("{FAE04EC0-301F-11D3-BF4B-00C04F79EFBC}") = "student-CRUD", "student-CRUD\student-CRUD.csproj", "{0803B5D4-2D1B-4030-9692-5D478D225DF3}"
EndProject
Global
	GlobalSection(SolutionConfigurationPlatforms) = preSolution
		Debug|Any CPU = Debug|Any CPU
		Release|Any CPU = Release|Any CPU
	EndGlobalSection
	GlobalSection(ProjectConfigurationPlatforms) = postSolution
		{0803B5D4-2D1B-4030-9692-5D478D225DF3}.Debug|Any CPU.ActiveCfg = Debug|Any CPU
		{0803B5D4-2D1B-4030-9692-5D478D225DF3}.Debug|Any CPU.Build.0 = Debug|Any CPU
		{0803B5D4-2D1B-4030-9692-5D478D225DF3}.Release|Any CPU.ActiveCfg = Release|Any CPU
		{0803B5D4-2D1B-4030-9692-5D478D225DF3}.Release|Any CPU.Build.0 = Release|Any CPU
	EndGlobalSection
	GlobalSection(SolutionProperties) = preSolution
		HideSolutionNode = FALSE
	EndGlobalSection
	GlobalSection(ExtensibilityGlobals) = postSolution
		SolutionGuid = {B818B3B5-6170-49AB-AA9C-6127D7E946D3}
	EndGlobalSection
EndGlobal
